{
  "originHash" : "f13eacdebac841bc8433a491aee7fc045a59c9e495d6fdd9c068ce442ae81030",
  "pins" : [
    {
      "identity" : "swift-syntax",
      "kind" : "remoteSourceControl",
      "location" : "https://github.com/swiftlang/swift-syntax.git",
      "state" : {
        "revision" : "434337950e16ec06b226fa8d8f032cfc5027e2c8"
      }
    }
  ],
  "version" : 3
}
