{
  "originHash" : "a232e0388890f0c861fde37cc09f6611d9bb8bd44026cb82a5e27c866153ba2c",
  "pins" : [
    {
      "identity" : "swift-syntax",
      "kind" : "remoteSourceControl",
      "location" : "https://github.com/swiftlang/swift-syntax.git",
      "state" : {
        "revision" : "050f1a346fbbac0ca2cfb15a95274f7bd1cf0ccf",
        "version" : "604.0.0"
      }
    }
  ],
  "version" : 3
}
